{
  "name": "center",
  "version": "1.0.0",
  "dependencies": {
    "@uirouter/core": {
      "version": "5.0.3",
      "from": "@uirouter/core@5.0.3",
      "resolved": "https://registry.npmjs.org/@uirouter/core/-/core-5.0.3.tgz"
    },
    "angular": {
      "version": "1.6.6",
      "from": "angular@>=1.6.6 <2.0.0",
      "resolved": "https://registry.npmjs.org/angular/-/angular-1.6.6.tgz"
    },
    "angular-ui-router": {
      "version": "1.0.3",
      "from": "angular-ui-router@>=1.0.3 <2.0.0",
      "resolved": "https://registry.npmjs.org/angular-ui-router/-/angular-ui-router-1.0.3.tgz"
    },
    "oclazyload": {
      "version": "1.1.0",
      "from": "ocLazyLoad@latest",
      "resolved": "https://registry.npmjs.org/oclazyload/-/oclazyload-1.1.0.tgz"
    },
    "swiper": {
      "version": "3.4.2",
      "from": "swiper@3.4.2",
      "resolved": "https://registry.npmjs.org/swiper/-/swiper-3.4.2.tgz"
    }
  }
}
